{
  "nodes": {
    "mobile-nixos": {
      "flake": false,
      "locked": {
        "lastModified": 1694727595,
        "narHash": "sha256-mwDJFRcspcYYaz9/kWtz6/KnCc8dPgi80zHdkDFCRVU=",
        "owner": "NixOS",
        "repo": "mobile-nixos",
        "rev": "92910bbba6ed6e1da81a9818c2f1f0e1b2ac1b3f",
        "type": "github"
      },
      "original": {
        "owner": "NixOS",
        "ref": "master",
        "repo": "mobile-nixos",
        "type": "github"
      }
    },
    "nixpkgs": {
      "locked": {
        "lastModified": 1703013332,
        "narHash": "sha256-+tFNwMvlXLbJZXiMHqYq77z/RfmpfpiI3yjL6o/Zo9M=",
        "owner": "NixOS",
        "repo": "nixpkgs",
        "rev": "54aac082a4d9bb5bbc5c4e899603abfb76a3f6d6",
        "type": "github"
      },
      "original": {
        "owner": "NixOS",
        "ref": "nixos-unstable",
        "repo": "nixpkgs",
        "type": "github"
      }
    },
    "root": {
      "inputs": {
        "mobile-nixos": "mobile-nixos",
        "nixpkgs": "nixpkgs"
      }
    }
  },
  "root": "root",
  "version": 7
}
